
Microsoft Visual Studio Solution File, Format Version 12.00
# Visual Studio Version 17
VisualStudioVersion = 17.0.31903.59
MinimumVisualStudioVersion = 10.0.40219.1
Project("{2150E333-8FDC-42A3-9474-1A3956D46DE8}") = "TRYING STUFF", "TRYING STUFF", "{CE4969B9-7FF7-4F95-B0BF-0A0EDE98054E}"
EndProject
Project("{2150E333-8FDC-42A3-9474-1A3956D46DE8}") = "YTApi", "YTApi", "{555C900F-FED3-4B6E-A1AF-16AB32FCB7AE}"
EndProject
Project("{2150E333-8FDC-42A3-9474-1A3956D46DE8}") = "MediumApi", "MediumApi", "{06A8AAB7-5713-4C5E-B492-EB87CEB1468E}"
EndProject
Project("{9A19103F-16F7-4668-BE54-9A1E7A4F7556}") = "Accum", "TryingStuff\Accum\Accum.csproj", "{E17F21EB-2CCA-482B-9A7F-3E27740E8AAF}"
EndProject
Project("{9A19103F-16F7-4668-BE54-9A1E7A4F7556}") = "YTScrapper.Application", "YTApi\YTScrapper.Application\YTScrapper.Application.csproj", "{56BD4DCB-4C98-4742-BC78-E602D15FB808}"
EndProject
Project("{9A19103F-16F7-4668-BE54-9A1E7A4F7556}") = "YTScrapper.Domain", "YTApi\YTScrapper.Domain\YTScrapper.Domain.csproj", "{64DBE31A-5A31-4897-9076-D03C96BE659C}"
EndProject
Project("{9A19103F-16F7-4668-BE54-9A1E7A4F7556}") = "YTScrapper.Infrastructure", "YTApi\YTScrapper.Infrastructure\YTScrapper.Infrastructure.csproj", "{FDD1400A-F349-47B7-862D-0E823A3185B4}"
EndProject
Project("{9A19103F-16F7-4668-BE54-9A1E7A4F7556}") = "YTScrapper.Presentation", "YTApi\YTScrapper.Presentation\YTScrapper.Presentation.csproj", "{BF104653-7720-492A-9A2E-E4F242D2DD03}"
EndProject
Project("{9A19103F-16F7-4668-BE54-9A1E7A4F7556}") = "YTScrapper.Shared", "YTApi\YTScrapper.Shared\YTScrapper.Shared.csproj", "{BA1A6D7C-EDA5-4163-9EAB-B659335A5860}"
EndProject
Project("{9A19103F-16F7-4668-BE54-9A1E7A4F7556}") = "MediumApi.Application", "MediumApi.Application\MediumApi.Application.csproj", "{5D19A3C1-001B-4B95-98B4-B2B44C63C2E2}"
EndProject
Project("{9A19103F-16F7-4668-BE54-9A1E7A4F7556}") = "MediumApi.Domain", "MediumApi.Domain\MediumApi.Domain.csproj", "{197D470E-47AF-47BE-A1B6-1E5760B8D964}"
EndProject
Project("{9A19103F-16F7-4668-BE54-9A1E7A4F7556}") = "MediumApi.Infrastructure", "MediumApi.Infrastructure\MediumApi.Infrastructure.csproj", "{677FF1FE-F7D6-4AF7-A920-4314EEB4FAD9}"
EndProject
Project("{9A19103F-16F7-4668-BE54-9A1E7A4F7556}") = "MediumApi.Presentation", "MediumApi.Presentation\MediumApi.Presentation.csproj", "{D5E2380E-999E-4F29-B599-677F1B4EB71D}"
EndProject
Project("{FAE04EC0-301F-11D3-BF4B-00C04F79EFBC}") = "SpinWord", "SpinWord\SpinWord.csproj", "{29155B88-BC2F-4477-AD6E-340353F23C06}"
EndProject
Global
	GlobalSection(SolutionConfigurationPlatforms) = preSolution
		Debug|Any CPU = Debug|Any CPU
		Release|Any CPU = Release|Any CPU
	EndGlobalSection
	GlobalSection(ProjectConfigurationPlatforms) = postSolution
		{E17F21EB-2CCA-482B-9A7F-3E27740E8AAF}.Debug|Any CPU.ActiveCfg = Debug|Any CPU
		{E17F21EB-2CCA-482B-9A7F-3E27740E8AAF}.Debug|Any CPU.Build.0 = Debug|Any CPU
		{E17F21EB-2CCA-482B-9A7F-3E27740E8AAF}.Release|Any CPU.ActiveCfg = Release|Any CPU
		{E17F21EB-2CCA-482B-9A7F-3E27740E8AAF}.Release|Any CPU.Build.0 = Release|Any CPU
		{56BD4DCB-4C98-4742-BC78-E602D15FB808}.Debug|Any CPU.ActiveCfg = Debug|Any CPU
		{56BD4DCB-4C98-4742-BC78-E602D15FB808}.Debug|Any CPU.Build.0 = Debug|Any CPU
		{56BD4DCB-4C98-4742-BC78-E602D15FB808}.Release|Any CPU.ActiveCfg = Release|Any CPU
		{56BD4DCB-4C98-4742-BC78-E602D15FB808}.Release|Any CPU.Build.0 = Release|Any CPU
		{64DBE31A-5A31-4897-9076-D03C96BE659C}.Debug|Any CPU.ActiveCfg = Debug|Any CPU
		{64DBE31A-5A31-4897-9076-D03C96BE659C}.Debug|Any CPU.Build.0 = Debug|Any CPU
		{64DBE31A-5A31-4897-9076-D03C96BE659C}.Release|Any CPU.ActiveCfg = Release|Any CPU
		{64DBE31A-5A31-4897-9076-D03C96BE659C}.Release|Any CPU.Build.0 = Release|Any CPU
		{FDD1400A-F349-47B7-862D-0E823A3185B4}.Debug|Any CPU.ActiveCfg = Debug|Any CPU
		{FDD1400A-F349-47B7-862D-0E823A3185B4}.Debug|Any CPU.Build.0 = Debug|Any CPU
		{FDD1400A-F349-47B7-862D-0E823A3185B4}.Release|Any CPU.ActiveCfg = Release|Any CPU
		{FDD1400A-F349-47B7-862D-0E823A3185B4}.Release|Any CPU.Build.0 = Release|Any CPU
		{BF104653-7720-492A-9A2E-E4F242D2DD03}.Debug|Any CPU.ActiveCfg = Debug|Any CPU
		{BF104653-7720-492A-9A2E-E4F242D2DD03}.Debug|Any CPU.Build.0 = Debug|Any CPU
		{BF104653-7720-492A-9A2E-E4F242D2DD03}.Release|Any CPU.ActiveCfg = Release|Any CPU
		{BF104653-7720-492A-9A2E-E4F242D2DD03}.Release|Any CPU.Build.0 = Release|Any CPU
		{BA1A6D7C-EDA5-4163-9EAB-B659335A5860}.Debug|Any CPU.ActiveCfg = Debug|Any CPU
		{BA1A6D7C-EDA5-4163-9EAB-B659335A5860}.Debug|Any CPU.Build.0 = Debug|Any CPU
		{BA1A6D7C-EDA5-4163-9EAB-B659335A5860}.Release|Any CPU.ActiveCfg = Release|Any CPU
		{BA1A6D7C-EDA5-4163-9EAB-B659335A5860}.Release|Any CPU.Build.0 = Release|Any CPU
		{5D19A3C1-001B-4B95-98B4-B2B44C63C2E2}.Debug|Any CPU.ActiveCfg = Debug|Any CPU
		{5D19A3C1-001B-4B95-98B4-B2B44C63C2E2}.Debug|Any CPU.Build.0 = Debug|Any CPU
		{5D19A3C1-001B-4B95-98B4-B2B44C63C2E2}.Release|Any CPU.ActiveCfg = Release|Any CPU
		{5D19A3C1-001B-4B95-98B4-B2B44C63C2E2}.Release|Any CPU.Build.0 = Release|Any CPU
		{197D470E-47AF-47BE-A1B6-1E5760B8D964}.Debug|Any CPU.ActiveCfg = Debug|Any CPU
		{197D470E-47AF-47BE-A1B6-1E5760B8D964}.Debug|Any CPU.Build.0 = Debug|Any CPU
		{197D470E-47AF-47BE-A1B6-1E5760B8D964}.Release|Any CPU.ActiveCfg = Release|Any CPU
		{197D470E-47AF-47BE-A1B6-1E5760B8D964}.Release|Any CPU.Build.0 = Release|Any CPU
		{677FF1FE-F7D6-4AF7-A920-4314EEB4FAD9}.Debug|Any CPU.ActiveCfg = Debug|Any CPU
		{677FF1FE-F7D6-4AF7-A920-4314EEB4FAD9}.Debug|Any CPU.Build.0 = Debug|Any CPU
		{677FF1FE-F7D6-4AF7-A920-4314EEB4FAD9}.Release|Any CPU.ActiveCfg = Release|Any CPU
		{677FF1FE-F7D6-4AF7-A920-4314EEB4FAD9}.Release|Any CPU.Build.0 = Release|Any CPU
		{D5E2380E-999E-4F29-B599-677F1B4EB71D}.Debug|Any CPU.ActiveCfg = Debug|Any CPU
		{D5E2380E-999E-4F29-B599-677F1B4EB71D}.Debug|Any CPU.Build.0 = Debug|Any CPU
		{D5E2380E-999E-4F29-B599-677F1B4EB71D}.Release|Any CPU.ActiveCfg = Release|Any CPU
		{D5E2380E-999E-4F29-B599-677F1B4EB71D}.Release|Any CPU.Build.0 = Release|Any CPU
		{29155B88-BC2F-4477-AD6E-340353F23C06}.Debug|Any CPU.ActiveCfg = Debug|Any CPU
		{29155B88-BC2F-4477-AD6E-340353F23C06}.Debug|Any CPU.Build.0 = Debug|Any CPU
		{29155B88-BC2F-4477-AD6E-340353F23C06}.Release|Any CPU.ActiveCfg = Release|Any CPU
		{29155B88-BC2F-4477-AD6E-340353F23C06}.Release|Any CPU.Build.0 = Release|Any CPU
	EndGlobalSection
	GlobalSection(SolutionProperties) = preSolution
		HideSolutionNode = FALSE
	EndGlobalSection
	GlobalSection(NestedProjects) = preSolution
		{E17F21EB-2CCA-482B-9A7F-3E27740E8AAF} = {CE4969B9-7FF7-4F95-B0BF-0A0EDE98054E}
		{56BD4DCB-4C98-4742-BC78-E602D15FB808} = {555C900F-FED3-4B6E-A1AF-16AB32FCB7AE}
		{64DBE31A-5A31-4897-9076-D03C96BE659C} = {555C900F-FED3-4B6E-A1AF-16AB32FCB7AE}
		{FDD1400A-F349-47B7-862D-0E823A3185B4} = {555C900F-FED3-4B6E-A1AF-16AB32FCB7AE}
		{BF104653-7720-492A-9A2E-E4F242D2DD03} = {555C900F-FED3-4B6E-A1AF-16AB32FCB7AE}
		{BA1A6D7C-EDA5-4163-9EAB-B659335A5860} = {555C900F-FED3-4B6E-A1AF-16AB32FCB7AE}
		{5D19A3C1-001B-4B95-98B4-B2B44C63C2E2} = {06A8AAB7-5713-4C5E-B492-EB87CEB1468E}
		{197D470E-47AF-47BE-A1B6-1E5760B8D964} = {06A8AAB7-5713-4C5E-B492-EB87CEB1468E}
		{677FF1FE-F7D6-4AF7-A920-4314EEB4FAD9} = {06A8AAB7-5713-4C5E-B492-EB87CEB1468E}
		{D5E2380E-999E-4F29-B599-677F1B4EB71D} = {06A8AAB7-5713-4C5E-B492-EB87CEB1468E}
		{29155B88-BC2F-4477-AD6E-340353F23C06} = {CE4969B9-7FF7-4F95-B0BF-0A0EDE98054E}
	EndGlobalSection
	GlobalSection(ExtensibilityGlobals) = postSolution
		SolutionGuid = {FF5C40A5-13EF-4DDF-B706-01001C3E57B7}
	EndGlobalSection
EndGlobal
